
Microsoft Visual Studio Solution File, Format Version 12.00
# Visual Studio 15
VisualStudioVersion = 15.0.27428.2027
MinimumVisualStudioVersion = 10.0.40219.1
Project("{FAE04EC0-301F-11D3-BF4B-00C04F79EFBC}") = "SmartColeira", "SmartColeira\SmartColeira.csproj", "{CD613753-3CC1-47AF-88E5-B7EE56E0F60F}"
EndProject
Global
	GlobalSection(SolutionConfigurationPlatforms) = preSolution
		Debug|Any CPU = Debug|Any CPU
		Release|Any CPU = Release|Any CPU
	EndGlobalSection
	GlobalSection(ProjectConfigurationPlatforms) = postSolution
		{CD613753-3CC1-47AF-88E5-B7EE56E0F60F}.Debug|Any CPU.ActiveCfg = Debug|Any CPU
		{CD613753-3CC1-47AF-88E5-B7EE56E0F60F}.Debug|Any CPU.Build.0 = Debug|Any CPU
		{CD613753-3CC1-47AF-88E5-B7EE56E0F60F}.Release|Any CPU.ActiveCfg = Release|Any CPU
		{CD613753-3CC1-47AF-88E5-B7EE56E0F60F}.Release|Any CPU.Build.0 = Release|Any CPU
	EndGlobalSection
	GlobalSection(SolutionProperties) = preSolution
		HideSolutionNode = FALSE
	EndGlobalSection
	GlobalSection(ExtensibilityGlobals) = postSolution
		SolutionGuid = {C1F4D47E-194F-4206-AE10-64CE1A4368C0}
	EndGlobalSection
EndGlobal
